
Microsoft Visual Studio Solution File, Format Version 12.00
# Visual Studio 2012
Project("{FAE04EC0-301F-11D3-BF4B-00C04F79EFBC}") = "Rabbit.Foundation", "Rabbit.Foundation\Rabbit.Foundation.csproj", "{988A74A9-9439-4B1E-B04A-C933FB9D9CE9}"
EndProject
Project("{2150E333-8FDC-42A3-9474-1A3956D46DE8}") = "Packages", "Packages", "{E242EE91-6F3A-41AC-A8C0-3FA1B7D12B4F}"
EndProject
Project("{FAE04EC0-301F-11D3-BF4B-00C04F79EFBC}") = "NuGet.Rabbit.Foundation", "Packages\NuGet.Rabbit.Foundation\NuGet.Rabbit.Foundation.csproj", "{0451BAEF-DF2E-4B98-8644-94EE9415E389}"
EndProject
Project("{FAE04EC0-301F-11D3-BF4B-00C04F79EFBC}") = "Rabbit.Foundation.Tests", "Rabbit.Foundation.Tests\Rabbit.Foundation.Tests.csproj", "{375507A9-8417-46BC-9C1A-99163D7CF310}"
EndProject
Project("{2150E333-8FDC-42A3-9474-1A3956D46DE8}") = "Tests", "Tests", "{246CC49E-8976-46E7-9DC5-67F51FB7D112}"
EndProject
Project("{FAE04EC0-301F-11D3-BF4B-00C04F79EFBC}") = "Rabbit.Net", "Rabbit.Net\Rabbit.Net.csproj", "{D77F98BE-2D96-4B2F-B25C-3C4BFDED83B8}"
EndProject
Project("{FAE04EC0-301F-11D3-BF4B-00C04F79EFBC}") = "Rabbit.Web", "Rabbit.Web\Rabbit.Web.csproj", "{24C4DAFF-D47C-47C4-9F23-5F98D62FC2B4}"
EndProject
Project("{FAE04EC0-301F-11D3-BF4B-00C04F79EFBC}") = "Rabbit.Web.Mvc", "Rabbit.Web.Mvc\Rabbit.Web.Mvc.csproj", "{118D8E35-EE18-406F-A70D-6CC80CE93A3F}"
EndProject
Project("{2150E333-8FDC-42A3-9474-1A3956D46DE8}") = ".nuget", ".nuget", "{47F30EBB-436D-4205-AED7-E60F9E6F5585}"
	ProjectSection(SolutionItems) = preProject
		.nuget\NuGet.Config = .nuget\NuGet.Config
		.nuget\NuGet.exe = .nuget\NuGet.exe
		.nuget\NuGet.targets = .nuget\NuGet.targets
	EndProjectSection
EndProject
Project("{FAE04EC0-301F-11D3-BF4B-00C04F79EFBC}") = "Samples.CustomFilters", "Samples\Samples.CustomFilters\Samples.CustomFilters.csproj", "{A3D69928-4AC5-4C7F-8AB3-C16508EAA9C2}"
EndProject
Project("{2150E333-8FDC-42A3-9474-1A3956D46DE8}") = "Samples", "Samples", "{430667F5-620C-4770-BA34-CC9D5164D421}"
EndProject
Project("{FAE04EC0-301F-11D3-BF4B-00C04F79EFBC}") = "Samples.CookieThreadCulture", "Samples\Samples.CookieThreadCulture\Samples.CookieThreadCulture.csproj", "{26B311DB-D915-4F82-9838-B9F2AD64237A}"
EndProject
Project("{FAE04EC0-301F-11D3-BF4B-00C04F79EFBC}") = "NuGet.Rabbit.Web", "Packages\NuGet.Rabbit.Web\NuGet.Rabbit.Web.csproj", "{00209156-F997-40ED-A1BA-3DD3F18C6C42}"
EndProject
Project("{FAE04EC0-301F-11D3-BF4B-00C04F79EFBC}") = "NuGet.Rabbit.Web.Mvc", "Packages\NuGet.Rabbit.Web.Mvc\NuGet.Rabbit.Web.Mvc.csproj", "{883D5E9E-B172-4DF2-A69D-02B2806E1A70}"
EndProject
Project("{FAE04EC0-301F-11D3-BF4B-00C04F79EFBC}") = "NuGet.Rabbit.Net", "Packages\NuGet.Rabbit.Net\NuGet.Rabbit.Net.csproj", "{6792C4D8-52DE-4C42-9513-ED9E322AA6D2}"
EndProject
Project("{FAE04EC0-301F-11D3-BF4B-00C04F79EFBC}") = "Rabbit.Global.Google", "Rabbit.Global.Google\Rabbit.Global.Google.csproj", "{7C93BE7A-D205-48A8-AD43-C022F0240FB0}"
EndProject
Project("{FAE04EC0-301F-11D3-BF4B-00C04F79EFBC}") = "NuGet.Rabbit.Global.Google", "Packages\NuGet.Rabbit.Global.Google\NuGet.Rabbit.Global.Google.csproj", "{204E793E-F485-49A7-87E6-18D707648771}"
EndProject
Project("{FAE04EC0-301F-11D3-BF4B-00C04F79EFBC}") = "Rabbit.Net.HtmlAgilityPack", "Integrations\Rabbit.Net.HtmlAgilityPack\Rabbit.Net.HtmlAgilityPack.csproj", "{AED7DD3F-8022-4AA1-87DB-3027ACF45646}"
EndProject
Project("{2150E333-8FDC-42A3-9474-1A3956D46DE8}") = "Integrations", "Integrations", "{95BC5867-7512-42D8-8C21-617A632A0795}"
EndProject
Project("{FAE04EC0-301F-11D3-BF4B-00C04F79EFBC}") = "Rabbit.Net.HtmlAgilityPack.Tests", "Integrations\Rabbit.Net.HtmlAgilityPack.Tests\Rabbit.Net.HtmlAgilityPack.Tests.csproj", "{1B51F4DA-BBA6-46A6-B18B-C0E859051178}"
EndProject
Project("{FAE04EC0-301F-11D3-BF4B-00C04F79EFBC}") = "Rabbit.Integrations.Redis", "Rabbit.Integrations.Redis\Rabbit.Integrations.Redis.csproj", "{457B80C7-9988-4FAD-8049-E9EACE41B0D3}"
EndProject
Project("{FAE04EC0-301F-11D3-BF4B-00C04F79EFBC}") = "NuGet.Rabbit.Integrations.Redis", "Packages\NuGet.Rabbit.Integrations.Redis\NuGet.Rabbit.Integrations.Redis.csproj", "{CCF31E4B-C9D9-4103-A6D3-B85906B9AAD5}"
EndProject
Project("{FAE04EC0-301F-11D3-BF4B-00C04F79EFBC}") = "Rabbit.IOC", "Rabbit.IOC\Rabbit.IOC.csproj", "{2CC5454C-3F48-44DF-A079-5AC5D8799576}"
EndProject
Project("{FAE04EC0-301F-11D3-BF4B-00C04F79EFBC}") = "NuGet.Rabbit.IOC", "Packages\NuGet.Rabbit.IOC\NuGet.Rabbit.IOC.csproj", "{EB97B10B-848A-4037-950B-A529A8310479}"
EndProject
Project("{FAE04EC0-301F-11D3-BF4B-00C04F79EFBC}") = "Rabbit.IOC.SimpleInjector", "Rabbit.IOC.SimpleInjector\Rabbit.IOC.SimpleInjector.csproj", "{08E09B43-3015-493B-98F4-A28DC1D3ED62}"
EndProject
Project("{FAE04EC0-301F-11D3-BF4B-00C04F79EFBC}") = "Rabbit.Web.Owin", "Rabbit.Web.Owin\Rabbit.Web.Owin.csproj", "{D4E8C71D-2C92-429C-8669-BE558CEC2D31}"
EndProject
Project("{FAE04EC0-301F-11D3-BF4B-00C04F79EFBC}") = "NuGet.Rabbit.Web.Owin", "Packages\NuGet.Rabbit.Web.Owin\NuGet.Rabbit.Web.Owin.csproj", "{7187BEA7-2607-41FD-A269-F84E2D085155}"
EndProject
Global
	GlobalSection(SolutionConfigurationPlatforms) = preSolution
		Debug|Any CPU = Debug|Any CPU
		Release|Any CPU = Release|Any CPU
	EndGlobalSection
	GlobalSection(ProjectConfigurationPlatforms) = postSolution
		{988A74A9-9439-4B1E-B04A-C933FB9D9CE9}.Debug|Any CPU.ActiveCfg = Debug|Any CPU
		{988A74A9-9439-4B1E-B04A-C933FB9D9CE9}.Debug|Any CPU.Build.0 = Debug|Any CPU
		{988A74A9-9439-4B1E-B04A-C933FB9D9CE9}.Release|Any CPU.ActiveCfg = Release|Any CPU
		{988A74A9-9439-4B1E-B04A-C933FB9D9CE9}.Release|Any CPU.Build.0 = Release|Any CPU
		{0451BAEF-DF2E-4B98-8644-94EE9415E389}.Debug|Any CPU.ActiveCfg = Debug|Any CPU
		{0451BAEF-DF2E-4B98-8644-94EE9415E389}.Debug|Any CPU.Build.0 = Debug|Any CPU
		{0451BAEF-DF2E-4B98-8644-94EE9415E389}.Release|Any CPU.ActiveCfg = Release|Any CPU
		{0451BAEF-DF2E-4B98-8644-94EE9415E389}.Release|Any CPU.Build.0 = Release|Any CPU
		{375507A9-8417-46BC-9C1A-99163D7CF310}.Debug|Any CPU.ActiveCfg = Debug|Any CPU
		{375507A9-8417-46BC-9C1A-99163D7CF310}.Debug|Any CPU.Build.0 = Debug|Any CPU
		{375507A9-8417-46BC-9C1A-99163D7CF310}.Release|Any CPU.ActiveCfg = Release|Any CPU
		{375507A9-8417-46BC-9C1A-99163D7CF310}.Release|Any CPU.Build.0 = Release|Any CPU
		{D77F98BE-2D96-4B2F-B25C-3C4BFDED83B8}.Debug|Any CPU.ActiveCfg = Debug|Any CPU
		{D77F98BE-2D96-4B2F-B25C-3C4BFDED83B8}.Debug|Any CPU.Build.0 = Debug|Any CPU
		{D77F98BE-2D96-4B2F-B25C-3C4BFDED83B8}.Release|Any CPU.ActiveCfg = Release|Any CPU
		{D77F98BE-2D96-4B2F-B25C-3C4BFDED83B8}.Release|Any CPU.Build.0 = Release|Any CPU
		{24C4DAFF-D47C-47C4-9F23-5F98D62FC2B4}.Debug|Any CPU.ActiveCfg = Debug|Any CPU
		{24C4DAFF-D47C-47C4-9F23-5F98D62FC2B4}.Debug|Any CPU.Build.0 = Debug|Any CPU
		{24C4DAFF-D47C-47C4-9F23-5F98D62FC2B4}.Release|Any CPU.ActiveCfg = Release|Any CPU
		{24C4DAFF-D47C-47C4-9F23-5F98D62FC2B4}.Release|Any CPU.Build.0 = Release|Any CPU
		{118D8E35-EE18-406F-A70D-6CC80CE93A3F}.Debug|Any CPU.ActiveCfg = Debug|Any CPU
		{118D8E35-EE18-406F-A70D-6CC80CE93A3F}.Debug|Any CPU.Build.0 = Debug|Any CPU
		{118D8E35-EE18-406F-A70D-6CC80CE93A3F}.Release|Any CPU.ActiveCfg = Release|Any CPU
		{118D8E35-EE18-406F-A70D-6CC80CE93A3F}.Release|Any CPU.Build.0 = Release|Any CPU
		{A3D69928-4AC5-4C7F-8AB3-C16508EAA9C2}.Debug|Any CPU.ActiveCfg = Debug|Any CPU
		{A3D69928-4AC5-4C7F-8AB3-C16508EAA9C2}.Debug|Any CPU.Build.0 = Debug|Any CPU
		{A3D69928-4AC5-4C7F-8AB3-C16508EAA9C2}.Release|Any CPU.ActiveCfg = Release|Any CPU
		{A3D69928-4AC5-4C7F-8AB3-C16508EAA9C2}.Release|Any CPU.Build.0 = Release|Any CPU
		{26B311DB-D915-4F82-9838-B9F2AD64237A}.Debug|Any CPU.ActiveCfg = Debug|Any CPU
		{26B311DB-D915-4F82-9838-B9F2AD64237A}.Debug|Any CPU.Build.0 = Debug|Any CPU
		{26B311DB-D915-4F82-9838-B9F2AD64237A}.Release|Any CPU.ActiveCfg = Release|Any CPU
		{26B311DB-D915-4F82-9838-B9F2AD64237A}.Release|Any CPU.Build.0 = Release|Any CPU
		{00209156-F997-40ED-A1BA-3DD3F18C6C42}.Debug|Any CPU.ActiveCfg = Debug|Any CPU
		{00209156-F997-40ED-A1BA-3DD3F18C6C42}.Debug|Any CPU.Build.0 = Debug|Any CPU
		{00209156-F997-40ED-A1BA-3DD3F18C6C42}.Release|Any CPU.ActiveCfg = Release|Any CPU
		{00209156-F997-40ED-A1BA-3DD3F18C6C42}.Release|Any CPU.Build.0 = Release|Any CPU
		{883D5E9E-B172-4DF2-A69D-02B2806E1A70}.Debug|Any CPU.ActiveCfg = Debug|Any CPU
		{883D5E9E-B172-4DF2-A69D-02B2806E1A70}.Debug|Any CPU.Build.0 = Debug|Any CPU
		{883D5E9E-B172-4DF2-A69D-02B2806E1A70}.Release|Any CPU.ActiveCfg = Release|Any CPU
		{883D5E9E-B172-4DF2-A69D-02B2806E1A70}.Release|Any CPU.Build.0 = Release|Any CPU
		{6792C4D8-52DE-4C42-9513-ED9E322AA6D2}.Debug|Any CPU.ActiveCfg = Debug|Any CPU
		{6792C4D8-52DE-4C42-9513-ED9E322AA6D2}.Debug|Any CPU.Build.0 = Debug|Any CPU
		{6792C4D8-52DE-4C42-9513-ED9E322AA6D2}.Release|Any CPU.ActiveCfg = Release|Any CPU
		{6792C4D8-52DE-4C42-9513-ED9E322AA6D2}.Release|Any CPU.Build.0 = Release|Any CPU
		{7C93BE7A-D205-48A8-AD43-C022F0240FB0}.Debug|Any CPU.ActiveCfg = Debug|Any CPU
		{7C93BE7A-D205-48A8-AD43-C022F0240FB0}.Debug|Any CPU.Build.0 = Debug|Any CPU
		{7C93BE7A-D205-48A8-AD43-C022F0240FB0}.Release|Any CPU.ActiveCfg = Release|Any CPU
		{7C93BE7A-D205-48A8-AD43-C022F0240FB0}.Release|Any CPU.Build.0 = Release|Any CPU
		{204E793E-F485-49A7-87E6-18D707648771}.Debug|Any CPU.ActiveCfg = Debug|Any CPU
		{204E793E-F485-49A7-87E6-18D707648771}.Debug|Any CPU.Build.0 = Debug|Any CPU
		{204E793E-F485-49A7-87E6-18D707648771}.Release|Any CPU.ActiveCfg = Release|Any CPU
		{204E793E-F485-49A7-87E6-18D707648771}.Release|Any CPU.Build.0 = Release|Any CPU
		{AED7DD3F-8022-4AA1-87DB-3027ACF45646}.Debug|Any CPU.ActiveCfg = Debug|Any CPU
		{AED7DD3F-8022-4AA1-87DB-3027ACF45646}.Debug|Any CPU.Build.0 = Debug|Any CPU
		{AED7DD3F-8022-4AA1-87DB-3027ACF45646}.Release|Any CPU.ActiveCfg = Release|Any CPU
		{AED7DD3F-8022-4AA1-87DB-3027ACF45646}.Release|Any CPU.Build.0 = Release|Any CPU
		{1B51F4DA-BBA6-46A6-B18B-C0E859051178}.Debug|Any CPU.ActiveCfg = Debug|Any CPU
		{1B51F4DA-BBA6-46A6-B18B-C0E859051178}.Debug|Any CPU.Build.0 = Debug|Any CPU
		{1B51F4DA-BBA6-46A6-B18B-C0E859051178}.Release|Any CPU.ActiveCfg = Release|Any CPU
		{1B51F4DA-BBA6-46A6-B18B-C0E859051178}.Release|Any CPU.Build.0 = Release|Any CPU
		{457B80C7-9988-4FAD-8049-E9EACE41B0D3}.Debug|Any CPU.ActiveCfg = Debug|Any CPU
		{457B80C7-9988-4FAD-8049-E9EACE41B0D3}.Debug|Any CPU.Build.0 = Debug|Any CPU
		{457B80C7-9988-4FAD-8049-E9EACE41B0D3}.Release|Any CPU.ActiveCfg = Release|Any CPU
		{457B80C7-9988-4FAD-8049-E9EACE41B0D3}.Release|Any CPU.Build.0 = Release|Any CPU
		{CCF31E4B-C9D9-4103-A6D3-B85906B9AAD5}.Debug|Any CPU.ActiveCfg = Debug|Any CPU
		{CCF31E4B-C9D9-4103-A6D3-B85906B9AAD5}.Debug|Any CPU.Build.0 = Debug|Any CPU
		{CCF31E4B-C9D9-4103-A6D3-B85906B9AAD5}.Release|Any CPU.ActiveCfg = Release|Any CPU
		{CCF31E4B-C9D9-4103-A6D3-B85906B9AAD5}.Release|Any CPU.Build.0 = Release|Any CPU
		{2CC5454C-3F48-44DF-A079-5AC5D8799576}.Debug|Any CPU.ActiveCfg = Debug|Any CPU
		{2CC5454C-3F48-44DF-A079-5AC5D8799576}.Debug|Any CPU.Build.0 = Debug|Any CPU
		{2CC5454C-3F48-44DF-A079-5AC5D8799576}.Release|Any CPU.ActiveCfg = Release|Any CPU
		{2CC5454C-3F48-44DF-A079-5AC5D8799576}.Release|Any CPU.Build.0 = Release|Any CPU
		{EB97B10B-848A-4037-950B-A529A8310479}.Debug|Any CPU.ActiveCfg = Debug|Any CPU
		{EB97B10B-848A-4037-950B-A529A8310479}.Debug|Any CPU.Build.0 = Debug|Any CPU
		{EB97B10B-848A-4037-950B-A529A8310479}.Release|Any CPU.ActiveCfg = Release|Any CPU
		{EB97B10B-848A-4037-950B-A529A8310479}.Release|Any CPU.Build.0 = Release|Any CPU
		{08E09B43-3015-493B-98F4-A28DC1D3ED62}.Debug|Any CPU.ActiveCfg = Debug|Any CPU
		{08E09B43-3015-493B-98F4-A28DC1D3ED62}.Debug|Any CPU.Build.0 = Debug|Any CPU
		{08E09B43-3015-493B-98F4-A28DC1D3ED62}.Release|Any CPU.ActiveCfg = Release|Any CPU
		{08E09B43-3015-493B-98F4-A28DC1D3ED62}.Release|Any CPU.Build.0 = Release|Any CPU
		{D4E8C71D-2C92-429C-8669-BE558CEC2D31}.Debug|Any CPU.ActiveCfg = Debug|Any CPU
		{D4E8C71D-2C92-429C-8669-BE558CEC2D31}.Debug|Any CPU.Build.0 = Debug|Any CPU
		{D4E8C71D-2C92-429C-8669-BE558CEC2D31}.Release|Any CPU.ActiveCfg = Release|Any CPU
		{D4E8C71D-2C92-429C-8669-BE558CEC2D31}.Release|Any CPU.Build.0 = Release|Any CPU
		{7187BEA7-2607-41FD-A269-F84E2D085155}.Debug|Any CPU.ActiveCfg = Debug|Any CPU
		{7187BEA7-2607-41FD-A269-F84E2D085155}.Debug|Any CPU.Build.0 = Debug|Any CPU
		{7187BEA7-2607-41FD-A269-F84E2D085155}.Release|Any CPU.ActiveCfg = Release|Any CPU
		{7187BEA7-2607-41FD-A269-F84E2D085155}.Release|Any CPU.Build.0 = Release|Any CPU
	EndGlobalSection
	GlobalSection(SolutionProperties) = preSolution
		HideSolutionNode = FALSE
	EndGlobalSection
	GlobalSection(NestedProjects) = preSolution
		{0451BAEF-DF2E-4B98-8644-94EE9415E389} = {E242EE91-6F3A-41AC-A8C0-3FA1B7D12B4F}
		{00209156-F997-40ED-A1BA-3DD3F18C6C42} = {E242EE91-6F3A-41AC-A8C0-3FA1B7D12B4F}
		{883D5E9E-B172-4DF2-A69D-02B2806E1A70} = {E242EE91-6F3A-41AC-A8C0-3FA1B7D12B4F}
		{6792C4D8-52DE-4C42-9513-ED9E322AA6D2} = {E242EE91-6F3A-41AC-A8C0-3FA1B7D12B4F}
		{204E793E-F485-49A7-87E6-18D707648771} = {E242EE91-6F3A-41AC-A8C0-3FA1B7D12B4F}
		{CCF31E4B-C9D9-4103-A6D3-B85906B9AAD5} = {E242EE91-6F3A-41AC-A8C0-3FA1B7D12B4F}
		{EB97B10B-848A-4037-950B-A529A8310479} = {E242EE91-6F3A-41AC-A8C0-3FA1B7D12B4F}
		{7187BEA7-2607-41FD-A269-F84E2D085155} = {E242EE91-6F3A-41AC-A8C0-3FA1B7D12B4F}
		{375507A9-8417-46BC-9C1A-99163D7CF310} = {246CC49E-8976-46E7-9DC5-67F51FB7D112}
		{A3D69928-4AC5-4C7F-8AB3-C16508EAA9C2} = {430667F5-620C-4770-BA34-CC9D5164D421}
		{26B311DB-D915-4F82-9838-B9F2AD64237A} = {430667F5-620C-4770-BA34-CC9D5164D421}
		{AED7DD3F-8022-4AA1-87DB-3027ACF45646} = {95BC5867-7512-42D8-8C21-617A632A0795}
		{1B51F4DA-BBA6-46A6-B18B-C0E859051178} = {95BC5867-7512-42D8-8C21-617A632A0795}
		{457B80C7-9988-4FAD-8049-E9EACE41B0D3} = {95BC5867-7512-42D8-8C21-617A632A0795}
	EndGlobalSection
EndGlobal
